// !$*UTF8*$!
{
	archiveVersion = 1;
	classes = {
	};
	objectVersion = 50;
	objects = {

/* Begin PBXBuildFile section */
		2352797E253E119F00E4EA71 /* AppDelegate.swift in Sources */ = {isa = PBXBuildFile; fileRef = 2352797D253E119F00E4EA71 /* AppDelegate.swift */; };
		23527980253E119F00E4EA71 /* SceneDelegate.swift in Sources */ = {isa = PBXBuildFile; fileRef = 2352797F253E119F00E4EA71 /* SceneDelegate.swift */; };
		23527985253E119F00E4EA71 /* Main.storyboard in Resources */ = {isa = PBXBuildFile; fileRef = 23527983253E119F00E4EA71 /* Main.storyboard */; };
		23527987253E11A300E4EA71 /* Assets.xcassets in Resources */ = {isa = PBXBuildFile; fileRef = 23527986253E11A300E4EA71 /* Assets.xcassets */; };
		2352798A253E11A300E4EA71 /* LaunchScreen.storyboard in Resources */ = {isa = PBXBuildFile; fileRef = 23527988253E11A300E4EA71 /* LaunchScreen.storyboard */; };
		23527995253E11A700E4EA71 /* SampleMvvmProjectTests.swift in Sources */ = {isa = PBXBuildFile; fileRef = 23527994253E11A700E4EA71 /* SampleMvvmProjectTests.swift */; };
		235279A0253E11A700E4EA71 /* SampleMvvmProjectUITests.swift in Sources */ = {isa = PBXBuildFile; fileRef = 2352799F253E11A700E4EA71 /* SampleMvvmProjectUITests.swift */; };
		235279B5253E12B800E4EA71 /* NewsListTVC.swift in Sources */ = {isa = PBXBuildFile; fileRef = 235279B4253E12B800E4EA71 /* NewsListTVC.swift */; };
		2355DFDD2599B3320012BCBB /* ArticleTVCell.swift in Sources */ = {isa = PBXBuildFile; fileRef = 2355DFDC2599B3320012BCBB /* ArticleTVCell.swift */; };
		2376D8AF2598572700F467A8 /* Atrical.swift in Sources */ = {isa = PBXBuildFile; fileRef = 2376D8AE2598572700F467A8 /* Atrical.swift */; };
		2376D8B525985CE700F467A8 /* ArticleViewModel.swift in Sources */ = {isa = PBXBuildFile; fileRef = 2376D8B425985CE700F467A8 /* ArticleViewModel.swift */; };
		23DB2767257C1FBF003C1962 /* webServices.swift in Sources */ = {isa = PBXBuildFile; fileRef = 23DB2766257C1FBF003C1962 /* webServices.swift */; };
/* End PBXBuildFile section */

/* Begin PBXContainerItemProxy section */
		23527991253E11A600E4EA71 /* PBXContainerItemProxy */ = {
			isa = PBXContainerItemProxy;
			containerPortal = 23527972253E119E00E4EA71 /* Project object */;
			proxyType = 1;
			remoteGlobalIDString = 23527979253E119E00E4EA71;
			remoteInfo = SampleMvvmProject;
		};
		2352799C253E11A700E4EA71 /* PBXContainerItemProxy */ = {
			isa = PBXContainerItemProxy;
			containerPortal = 23527972253E119E00E4EA71 /* Project object */;
			proxyType = 1;
			remoteGlobalIDString = 23527979253E119E00E4EA71;
			remoteInfo = SampleMvvmProject;
		};
/* End PBXContainerItemProxy section */

/* Begin PBXFileReference section */
		2352797A253E119F00E4EA71 /* SampleMvvmProject.app */ = {isa = PBXFileReference; explicitFileType = wrapper.application; includeInIndex = 0; path = SampleMvvmProject.app; sourceTree = BUILT_PRODUCTS_DIR; };
		2352797D253E119F00E4EA71 /* AppDelegate.swift */ = {isa = PBXFileReference; lastKnownFileType = sourcecode.swift; path = AppDelegate.swift; sourceTree = "<group>"; };
		2352797F253E119F00E4EA71 /* SceneDelegate.swift */ = {isa = PBXFileReference; lastKnownFileType = sourcecode.swift; path = SceneDelegate.swift; sourceTree = "<group>"; };
		23527984253E119F00E4EA71 /* Base */ = {isa = PBXFileReference; lastKnownFileType = file.storyboard; name = Base; path = Base.lproj/Main.storyboard; sourceTree = "<group>"; };
		23527986253E11A300E4EA71 /* Assets.xcassets */ = {isa = PBXFileReference; lastKnownFileType = folder.assetcatalog; path = Assets.xcassets; sourceTree = "<group>"; };
		23527989253E11A300E4EA71 /* Base */ = {isa = PBXFileReference; lastKnownFileType = file.storyboard; name = Base; path = Base.lproj/LaunchScreen.storyboard; sourceTree = "<group>"; };
		2352798B253E11A300E4EA71 /* Info.plist */ = {isa = PBXFileReference; lastKnownFileType = text.plist.xml; path = Info.plist; sourceTree = "<group>"; };
		23527990253E11A600E4EA71 /* SampleMvvmProjectTests.xctest */ = {isa = PBXFileReference; explicitFileType = wrapper.cfbundle; includeInIndex = 0; path = SampleMvvmProjectTests.xctest; sourceTree = BUILT_PRODUCTS_DIR; };
		23527994253E11A700E4EA71 /* SampleMvvmProjectTests.swift */ = {isa = PBXFileReference; lastKnownFileType = sourcecode.swift; path = SampleMvvmProjectTests.swift; sourceTree = "<group>"; };
		23527996253E11A700E4EA71 /* Info.plist */ = {isa = PBXFileReference; lastKnownFileType = text.plist.xml; path = Info.plist; sourceTree = "<group>"; };
		2352799B253E11A700E4EA71 /* SampleMvvmProjectUITests.xctest */ = {isa = PBXFileReference; explicitFileType = wrapper.cfbundle; includeInIndex = 0; path = SampleMvvmProjectUITests.xctest; sourceTree = BUILT_PRODUCTS_DIR; };
		2352799F253E11A700E4EA71 /* SampleMvvmProjectUITests.swift */ = {isa = PBXFileReference; lastKnownFileType = sourcecode.swift; path = SampleMvvmProjectUITests.swift; sourceTree = "<group>"; };
		235279A1253E11A700E4EA71 /* Info.plist */ = {isa = PBXFileReference; lastKnownFileType = text.plist.xml; path = Info.plist; sourceTree = "<group>"; };
		235279B4253E12B800E4EA71 /* NewsListTVC.swift */ = {isa = PBXFileReference; lastKnownFileType = sourcecode.swift; path = NewsListTVC.swift; sourceTree = "<group>"; };
		2355DFDC2599B3320012BCBB /* ArticleTVCell.swift */ = {isa = PBXFileReference; lastKnownFileType = sourcecode.swift; path = ArticleTVCell.swift; sourceTree = "<group>"; };
		2376D8AE2598572700F467A8 /* Atrical.swift */ = {isa = PBXFileReference; lastKnownFileType = sourcecode.swift; path = Atrical.swift; sourceTree = "<group>"; };
		2376D8B425985CE700F467A8 /* ArticleViewModel.swift */ = {isa = PBXFileReference; lastKnownFileType = sourcecode.swift; path = ArticleViewModel.swift; sourceTree = "<group>"; };
		23DB2766257C1FBF003C1962 /* webServices.swift */ = {isa = PBXFileReference; lastKnownFileType = sourcecode.swift; path = webServices.swift; sourceTree = "<group>"; };
/* End PBXFileReference section */

/* Begin PBXFrameworksBuildPhase section */
		23527977253E119E00E4EA71 /* Frameworks */ = {
			isa = PBXFrameworksBuildPhase;
			buildActionMask = 2147483647;
			files = (
			);
			runOnlyForDeploymentPostprocessing = 0;
		};
		2352798D253E11A600E4EA71 /* Frameworks */ = {
			isa = PBXFrameworksBuildPhase;
			buildActionMask = 2147483647;
			files = (
			);
			runOnlyForDeploymentPostprocessing = 0;
		};
		23527998253E11A700E4EA71 /* Frameworks */ = {
			isa = PBXFrameworksBuildPhase;
			buildActionMask = 2147483647;
			files = (
			);
			runOnlyForDeploymentPostprocessing = 0;
		};
/* End PBXFrameworksBuildPhase section */

/* Begin PBXGroup section */
		23527971253E119E00E4EA71 = {
			isa = PBXGroup;
			children = (
				2352797C253E119F00E4EA71 /* SampleMvvmProject */,
				23527993253E11A700E4EA71 /* SampleMvvmProjectTests */,
				2352799E253E11A700E4EA71 /* SampleMvvmProjectUITests */,
				2352797B253E119F00E4EA71 /* Products */,
			);
			sourceTree = "<group>";
		};
		2352797B253E119F00E4EA71 /* Products */ = {
			isa = PBXGroup;
			children = (
				2352797A253E119F00E4EA71 /* SampleMvvmProject.app */,
				23527990253E11A600E4EA71 /* SampleMvvmProjectTests.xctest */,
				2352799B253E11A700E4EA71 /* SampleMvvmProjectUITests.xctest */,
			);
			name = Products;
			sourceTree = "<group>";
		};
		2352797C253E119F00E4EA71 /* SampleMvvmProject */ = {
			isa = PBXGroup;
			children = (
				2355DFDB2599B3050012BCBB /* Cells */,
				2376D8B325985CB200F467A8 /* View Models */,
				2376D8AD259856FF00F467A8 /* Models */,
				23DB2765257C1F9D003C1962 /* Services */,
				235279B3253E128C00E4EA71 /* Controllers */,
				2352797D253E119F00E4EA71 /* AppDelegate.swift */,
				2352797F253E119F00E4EA71 /* SceneDelegate.swift */,
				23527983253E119F00E4EA71 /* Main.storyboard */,
				23527986253E11A300E4EA71 /* Assets.xcassets */,
				23527988253E11A300E4EA71 /* LaunchScreen.storyboard */,
				2352798B253E11A300E4EA71 /* Info.plist */,
			);
			path = SampleMvvmProject;
			sourceTree = "<group>";
		};
		23527993253E11A700E4EA71 /* SampleMvvmProjectTests */ = {
			isa = PBXGroup;
			children = (
				23527994253E11A700E4EA71 /* SampleMvvmProjectTests.swift */,
				23527996253E11A700E4EA71 /* Info.plist */,
			);
			path = SampleMvvmProjectTests;
			sourceTree = "<group>";
		};
		2352799E253E11A700E4EA71 /* SampleMvvmProjectUITests */ = {
			isa = PBXGroup;
			children = (
				2352799F253E11A700E4EA71 /* SampleMvvmProjectUITests.swift */,
				235279A1253E11A700E4EA71 /* Info.plist */,
			);
			path = SampleMvvmProjectUITests;
			sourceTree = "<group>";
		};
		235279B3253E128C00E4EA71 /* Controllers */ = {
			isa = PBXGroup;
			children = (
				235279B4253E12B800E4EA71 /* NewsListTVC.swift */,
			);
			path = Controllers;
			sourceTree = "<group>";
		};
		2355DFDB2599B3050012BCBB /* Cells */ = {
			isa = PBXGroup;
			children = (
				2355DFDC2599B3320012BCBB /* ArticleTVCell.swift */,
			);
			path = Cells;
			sourceTree = "<group>";
		};
		2376D8AD259856FF00F467A8 /* Models */ = {
			isa = PBXGroup;
			children = (
				2376D8AE2598572700F467A8 /* Atrical.swift */,
			);
			path = Models;
			sourceTree = "<group>";
		};
		2376D8B325985CB200F467A8 /* View Models */ = {
			isa = PBXGroup;
			children = (
				2376D8B425985CE700F467A8 /* ArticleViewModel.swift */,
			);
			path = "View Models";
			sourceTree = "<group>";
		};
		23DB2765257C1F9D003C1962 /* Services */ = {
			isa = PBXGroup;
			children = (
				23DB2766257C1FBF003C1962 /* webServices.swift */,
			);
			path = Services;
			sourceTree = "<group>";
		};
/* End PBXGroup section */

/* Begin PBXNativeTarget section */
		23527979253E119E00E4EA71 /* SampleMvvmProject */ = {
			isa = PBXNativeTarget;
			buildConfigurationList = 235279A4253E11A700E4EA71 /* Build configuration list for PBXNativeTarget "SampleMvvmProject" */;
			buildPhases = (
				23527976253E119E00E4EA71 /* Sources */,
				23527977253E119E00E4EA71 /* Frameworks */,
				23527978253E119E00E4EA71 /* Resources */,
			);
			buildRules = (
			);
			dependencies = (
			);
			name = SampleMvvmProject;
			productName = SampleMvvmProject;
			productReference = 2352797A253E119F00E4EA71 /* SampleMvvmProject.app */;
			productType = "com.apple.product-type.application";
		};
		2352798F253E11A600E4EA71 /* SampleMvvmProjectTests */ = {
			isa = PBXNativeTarget;
			buildConfigurationList = 235279A7253E11A700E4EA71 /* Build configuration list for PBXNativeTarget "SampleMvvmProjectTests" */;
			buildPhases = (
				2352798C253E11A600E4EA71 /* Sources */,
				2352798D253E11A600E4EA71 /* Frameworks */,
				2352798E253E11A600E4EA71 /* Resources */,
			);
			buildRules = (
			);
			dependencies = (
				23527992253E11A600E4EA71 /* PBXTargetDependency */,
			);
			name = SampleMvvmProjectTests;
			productName = SampleMvvmProjectTests;
			productReference = 23527990253E11A600E4EA71 /* SampleMvvmProjectTests.xctest */;
			productType = "com.apple.product-type.bundle.unit-test";
		};
		2352799A253E11A700E4EA71 /* SampleMvvmProjectUITests */ = {
			isa = PBXNativeTarget;
			buildConfigurationList = 235279AA253E11A700E4EA71 /* Build configuration list for PBXNativeTarget "SampleMvvmProjectUITests" */;
			buildPhases = (
				23527997253E11A700E4EA71 /* Sources */,
				23527998253E11A700E4EA71 /* Frameworks */,
				23527999253E11A700E4EA71 /* Resources */,
			);
			buildRules = (
			);
			dependencies = (
				2352799D253E11A700E4EA71 /* PBXTargetDependency */,
			);
			name = SampleMvvmProjectUITests;
			productName = SampleMvvmProjectUITests;
			productReference = 2352799B253E11A700E4EA71 /* SampleMvvmProjectUITests.xctest */;
			productType = "com.apple.product-type.bundle.ui-testing";
		};
/* End PBXNativeTarget section */

/* Begin PBXProject section */
		23527972253E119E00E4EA71 /* Project object */ = {
			isa = PBXProject;
			attributes = {
				LastSwiftUpdateCheck = 1200;
				LastUpgradeCheck = 1200;
				TargetAttributes = {
					23527979253E119E00E4EA71 = {
						CreatedOnToolsVersion = 12.0.1;
					};
					2352798F253E11A600E4EA71 = {
						CreatedOnToolsVersion = 12.0.1;
						TestTargetID = 23527979253E119E00E4EA71;
					};
					2352799A253E11A700E4EA71 = {
						CreatedOnToolsVersion = 12.0.1;
						TestTargetID = 23527979253E119E00E4EA71;
					};
				};
			};
			buildConfigurationList = 23527975253E119E00E4EA71 /* Build configuration list for PBXProject "SampleMvvmProject" */;
			compatibilityVersion = "Xcode 9.3";
			developmentRegion = en;
			hasScannedForEncodings = 0;
			knownRegions = (
				en,
				Base,
			);
			mainGroup = 23527971253E119E00E4EA71;
			productRefGroup = 2352797B253E119F00E4EA71 /* Products */;
			projectDirPath = "";
			projectRoot = "";
			targets = (
				23527979253E119E00E4EA71 /* SampleMvvmProject */,
				2352798F253E11A600E4EA71 /* SampleMvvmProjectTests */,
				2352799A253E11A700E4EA71 /* SampleMvvmProjectUITests */,
			);
		};
/* End PBXProject section */

/* Begin PBXResourcesBuildPhase section */
		23527978253E119E00E4EA71 /* Resources */ = {
			isa = PBXResourcesBuildPhase;
			buildActionMask = 2147483647;
			files = (
				2352798A253E11A300E4EA71 /* LaunchScreen.storyboard in Resources */,
				23527987253E11A300E4EA71 /* Assets.xcassets in Resources */,
				23527985253E119F00E4EA71 /* Main.storyboard in Resources */,
			);
			runOnlyForDeploymentPostprocessing = 0;
		};
		2352798E253E11A600E4EA71 /* Resources */ = {
			isa = PBXResourcesBuildPhase;
			buildActionMask = 2147483647;
			files = (
			);
			runOnlyForDeploymentPostprocessing = 0;
		};
		23527999253E11A700E4EA71 /* Resources */ = {
			isa = PBXResourcesBuildPhase;
			buildActionMask = 2147483647;
			files = (
			);
			runOnlyForDeploymentPostprocessing = 0;
		};
/* End PBXResourcesBuildPhase section */

/* Begin PBXSourcesBuildPhase section */
		23527976253E119E00E4EA71 /* Sources */ = {
			isa = PBXSourcesBuildPhase;
			buildActionMask = 2147483647;
			files = (
				235279B5253E12B800E4EA71 /* NewsListTVC.swift in Sources */,
				2352797E253E119F00E4EA71 /* AppDelegate.swift in Sources */,
				2376D8AF2598572700F467A8 /* Atrical.swift in Sources */,
				2376D8B525985CE700F467A8 /* ArticleViewModel.swift in Sources */,
				23DB2767257C1FBF003C1962 /* webServices.swift in Sources */,
				2355DFDD2599B3320012BCBB /* ArticleTVCell.swift in Sources */,
				23527980253E119F00E4EA71 /* SceneDelegate.swift in Sources */,
			);
			runOnlyForDeploymentPostprocessing = 0;
		};
		2352798C253E11A600E4EA71 /* Sources */ = {
			isa = PBXSourcesBuildPhase;
			buildActionMask = 2147483647;
			files = (
				23527995253E11A700E4EA71 /* SampleMvvmProjectTests.swift in Sources */,
			);
			runOnlyForDeploymentPostprocessing = 0;
		};
		23527997253E11A700E4EA71 /* Sources */ = {
			isa = PBXSourcesBuildPhase;
			buildActionMask = 2147483647;
			files = (
				235279A0253E11A700E4EA71 /* SampleMvvmProjectUITests.swift in Sources */,
			);
			runOnlyForDeploymentPostprocessing = 0;
		};
/* End PBXSourcesBuildPhase section */

/* Begin PBXTargetDependency section */
		23527992253E11A600E4EA71 /* PBXTargetDependency */ = {
			isa = PBXTargetDependency;
			target = 23527979253E119E00E4EA71 /* SampleMvvmProject */;
			targetProxy = 23527991253E11A600E4EA71 /* PBXContainerItemProxy */;
		};
		2352799D253E11A700E4EA71 /* PBXTargetDependency */ = {
			isa = PBXTargetDependency;
			target = 23527979253E119E00E4EA71 /* SampleMvvmProject */;
			targetProxy = 2352799C253E11A700E4EA71 /* PBXContainerItemProxy */;
		};
/* End PBXTargetDependency section */

/* Begin PBXVariantGroup section */
		23527983253E119F00E4EA71 /* Main.storyboard */ = {
			isa = PBXVariantGroup;
			children = (
				23527984253E119F00E4EA71 /* Base */,
			);
			name = Main.storyboard;
			sourceTree = "<group>";
		};
		23527988253E11A300E4EA71 /* LaunchScreen.storyboard */ = {
			isa = PBXVariantGroup;
			children = (
				23527989253E11A300E4EA71 /* Base */,
			);
			name = LaunchScreen.storyboard;
			sourceTree = "<group>";
		};
/* End PBXVariantGroup section */

/* Begin XCBuildConfiguration section */
		235279A2253E11A700E4EA71 /* Debug */ = {
			isa = XCBuildConfiguration;
			buildSettings = {
				ALWAYS_SEARCH_USER_PATHS = NO;
				CLANG_ANALYZER_NONNULL = YES;
				CLANG_ANALYZER_NUMBER_OBJECT_CONVERSION = YES_AGGRESSIVE;
				CLANG_CXX_LANGUAGE_STANDARD = "gnu++14";
				CLANG_CXX_LIBRARY = "libc++";
				CLANG_ENABLE_MODULES = YES;
				CLANG_ENABLE_OBJC_ARC = YES;
				CLANG_ENABLE_OBJC_WEAK = YES;
				CLANG_WARN_BLOCK_CAPTURE_AUTORELEASING = YES;
				CLANG_WARN_BOOL_CONVERSION = YES;
				CLANG_WARN_COMMA = YES;
				CLANG_WARN_CONSTANT_CONVERSION = YES;
				CLANG_WARN_DEPRECATED_OBJC_IMPLEMENTATIONS = YES;
				CLANG_WARN_DIRECT_OBJC_ISA_USAGE = YES_ERROR;
				CLANG_WARN_DOCUMENTATION_COMMENTS = YES;
				CLANG_WARN_EMPTY_BODY = YES;
				CLANG_WARN_ENUM_CONVERSION = YES;
				CLANG_WARN_INFINITE_RECURSION = YES;
				CLANG_WARN_INT_CONVERSION = YES;
				CLANG_WARN_NON_LITERAL_NULL_CONVERSION = YES;
				CLANG_WARN_OBJC_IMPLICIT_RETAIN_SELF = YES;
				CLANG_WARN_OBJC_LITERAL_CONVERSION = YES;
				CLANG_WARN_OBJC_ROOT_CLASS = YES_ERROR;
				CLANG_WARN_QUOTED_INCLUDE_IN_FRAMEWORK_HEADER = YES;
				CLANG_WARN_RANGE_LOOP_ANALYSIS = YES;
				CLANG_WARN_STRICT_PROTOTYPES = YES;
				CLANG_WARN_SUSPICIOUS_MOVE = YES;
				CLANG_WARN_UNGUARDED_AVAILABILITY = YES_AGGRESSIVE;
				CLANG_WARN_UNREACHABLE_CODE = YES;
				CLANG_WARN__DUPLICATE_METHOD_MATCH = YES;
				COPY_PHASE_STRIP = NO;
				DEBUG_INFORMATION_FORMAT = dwarf;
				ENABLE_STRICT_OBJC_MSGSEND = YES;
				ENABLE_TESTABILITY = YES;
				GCC_C_LANGUAGE_STANDARD = gnu11;
				GCC_DYNAMIC_NO_PIC = NO;
				GCC_NO_COMMON_BLOCKS = YES;
				GCC_OPTIMIZATION_LEVEL = 0;
				GCC_PREPROCESSOR_DEFINITIONS = (
					"DEBUG=1",
					"$(inherited)",
				);
				GCC_WARN_64_TO_32_BIT_CONVERSION = YES;
				GCC_WARN_ABOUT_RETURN_TYPE = YES_ERROR;
				GCC_WARN_UNDECLARED_SELECTOR = YES;
				GCC_WARN_UNINITIALIZED_AUTOS = YES_AGGRESSIVE;
				GCC_WARN_UNUSED_FUNCTION = YES;
				GCC_WARN_UNUSED_VARIABLE = YES;
				IPHONEOS_DEPLOYMENT_TARGET = 14.0;
				MTL_ENABLE_DEBUG_INFO = INCLUDE_SOURCE;
				MTL_FAST_MATH = YES;
				ONLY_ACTIVE_ARCH = YES;
				SDKROOT = iphoneos;
				SWIFT_ACTIVE_COMPILATION_CONDITIONS = DEBUG;
				SWIFT_OPTIMIZATION_LEVEL = "-Onone";
			};
			name = Debug;
		};
		235279A3253E11A700E4EA71 /* Release */ = {
			isa = XCBuildConfiguration;
			buildSettings = {
				ALWAYS_SEARCH_USER_PATHS = NO;
				CLANG_ANALYZER_NONNULL = YES;
				CLANG_ANALYZER_NUMBER_OBJECT_CONVERSION = YES_AGGRESSIVE;
				CLANG_CXX_LANGUAGE_STANDARD = "gnu++14";
				CLANG_CXX_LIBRARY = "libc++";
				CLANG_ENABLE_MODULES = YES;
				CLANG_ENABLE_OBJC_ARC = YES;
				CLANG_ENABLE_OBJC_WEAK = YES;
				CLANG_WARN_BLOCK_CAPTURE_AUTORELEASING = YES;
				CLANG_WARN_BOOL_CONVERSION = YES;
				CLANG_WARN_COMMA = YES;
				CLANG_WARN_CONSTANT_CONVERSION = YES;
				CLANG_WARN_DEPRECATED_OBJC_IMPLEMENTATIONS = YES;
				CLANG_WARN_DIRECT_OBJC_ISA_USAGE = YES_ERROR;
				CLANG_WARN_DOCUMENTATION_COMMENTS = YES;
				CLANG_WARN_EMPTY_BODY = YES;
				CLANG_WARN_ENUM_CONVERSION = YES;
				CLANG_WARN_INFINITE_RECURSION = YES;
				CLANG_WARN_INT_CONVERSION = YES;
				CLANG_WARN_NON_LITERAL_NULL_CONVERSION = YES;
				CLANG_WARN_OBJC_IMPLICIT_RETAIN_SELF = YES;
				CLANG_WARN_OBJC_LITERAL_CONVERSION = YES;
				CLANG_WARN_OBJC_ROOT_CLASS = YES_ERROR;
				CLANG_WARN_QUOTED_INCLUDE_IN_FRAMEWORK_HEADER = YES;
				CLANG_WARN_RANGE_LOOP_ANALYSIS = YES;
				CLANG_WARN_STRICT_PROTOTYPES = YES;
				CLANG_WARN_SUSPICIOUS_MOVE = YES;
				CLANG_WARN_UNGUARDED_AVAILABILITY = YES_AGGRESSIVE;
				CLANG_WARN_UNREACHABLE_CODE = YES;
				CLANG_WARN__DUPLICATE_METHOD_MATCH = YES;
				COPY_PHASE_STRIP = NO;
				DEBUG_INFORMATION_FORMAT = "dwarf-with-dsym";
				ENABLE_NS_ASSERTIONS = NO;
				ENABLE_STRICT_OBJC_MSGSEND = YES;
				GCC_C_LANGUAGE_STANDARD = gnu11;
				GCC_NO_COMMON_BLOCKS = YES;
				GCC_WARN_64_TO_32_BIT_CONVERSION = YES;
				GCC_WARN_ABOUT_RETURN_TYPE = YES_ERROR;
				GCC_WARN_UNDECLARED_SELECTOR = YES;
				GCC_WARN_UNINITIALIZED_AUTOS = YES_AGGRESSIVE;
				GCC_WARN_UNUSED_FUNCTION = YES;
				GCC_WARN_UNUSED_VARIABLE = YES;
				IPHONEOS_DEPLOYMENT_TARGET = 14.0;
				MTL_ENABLE_DEBUG_INFO = NO;
				MTL_FAST_MATH = YES;
				SDKROOT = iphoneos;
				SWIFT_COMPILATION_MODE = wholemodule;
				SWIFT_OPTIMIZATION_LEVEL = "-O";
				VALIDATE_PRODUCT = YES;
			};
			name = Release;
		};
		235279A5253E11A700E4EA71 /* Debug */ = {
			isa = XCBuildConfiguration;
			buildSettings = {
				ASSETCATALOG_COMPILER_APPICON_NAME = AppIcon;
				ASSETCATALOG_COMPILER_GLOBAL_ACCENT_COLOR_NAME = AccentColor;
				CODE_SIGN_STYLE = Automatic;
				DEVELOPMENT_TEAM = UQ4L285V2U;
				INFOPLIST_FILE = SampleMvvmProject/Info.plist;
				LD_RUNPATH_SEARCH_PATHS = (
					"$(inherited)",
					"@executable_path/Frameworks",
				);
				PRODUCT_BUNDLE_IDENTIFIER = com.AlaaArafa.SampleMvvmProject;
				PRODUCT_NAME = "$(TARGET_NAME)";
				SWIFT_VERSION = 5.0;
				TARGETED_DEVICE_FAMILY = "1,2";
			};
			name = Debug;
		};
		235279A6253E11A700E4EA71 /* Release */ = {
			isa = XCBuildConfiguration;
			buildSettings = {
				ASSETCATALOG_COMPILER_APPICON_NAME = AppIcon;
				ASSETCATALOG_COMPILER_GLOBAL_ACCENT_COLOR_NAME = AccentColor;
				CODE_SIGN_STYLE = Automatic;
				DEVELOPMENT_TEAM = UQ4L285V2U;
				INFOPLIST_FILE = SampleMvvmProject/Info.plist;
				LD_RUNPATH_SEARCH_PATHS = (
					"$(inherited)",
					"@executable_path/Frameworks",
				);
				PRODUCT_BUNDLE_IDENTIFIER = com.AlaaArafa.SampleMvvmProject;
				PRODUCT_NAME = "$(TARGET_NAME)";
				SWIFT_VERSION = 5.0;
				TARGETED_DEVICE_FAMILY = "1,2";
			};
			name = Release;
		};
		235279A8253E11A700E4EA71 /* Debug */ = {
			isa = XCBuildConfiguration;
			buildSettings = {
				ALWAYS_EMBED_SWIFT_STANDARD_LIBRARIES = YES;
				BUNDLE_LOADER = "$(TEST_HOST)";
				CODE_SIGN_STYLE = Automatic;
				DEVELOPMENT_TEAM = UQ4L285V2U;
				INFOPLIST_FILE = SampleMvvmProjectTests/Info.plist;
				IPHONEOS_DEPLOYMENT_TARGET = 14.0;
				LD_RUNPATH_SEARCH_PATHS = (
					"$(inherited)",
					"@executable_path/Frameworks",
					"@loader_path/Frameworks",
				);
				PRODUCT_BUNDLE_IDENTIFIER = com.AlaaArafa.SampleMvvmProjectTests;
				PRODUCT_NAME = "$(TARGET_NAME)";
				SWIFT_VERSION = 5.0;
				TARGETED_DEVICE_FAMILY = "1,2";
				TEST_HOST = "$(BUILT_PRODUCTS_DIR)/SampleMvvmProject.app/SampleMvvmProject";
			};
			name = Debug;
		};
		235279A9253E11A700E4EA71 /* Release */ = {
			isa = XCBuildConfiguration;
			buildSettings = {
				ALWAYS_EMBED_SWIFT_STANDARD_LIBRARIES = YES;
				BUNDLE_LOADER = "$(TEST_HOST)";
				CODE_SIGN_STYLE = Automatic;
				DEVELOPMENT_TEAM = UQ4L285V2U;
				INFOPLIST_FILE = SampleMvvmProjectTests/Info.plist;
				IPHONEOS_DEPLOYMENT_TARGET = 14.0;
				LD_RUNPATH_SEARCH_PATHS = (
					"$(inherited)",
					"@executable_path/Frameworks",
					"@loader_path/Frameworks",
				);
				PRODUCT_BUNDLE_IDENTIFIER = com.AlaaArafa.SampleMvvmProjectTests;
				PRODUCT_NAME = "$(TARGET_NAME)";
				SWIFT_VERSION = 5.0;
				TARGETED_DEVICE_FAMILY = "1,2";
				TEST_HOST = "$(BUILT_PRODUCTS_DIR)/SampleMvvmProject.app/SampleMvvmProject";
			};
			name = Release;
		};
		235279AB253E11A700E4EA71 /* Debug */ = {
			isa = XCBuildConfiguration;
			buildSettings = {
				ALWAYS_EMBED_SWIFT_STANDARD_LIBRARIES = YES;
				CODE_SIGN_STYLE = Automatic;
				DEVELOPMENT_TEAM = UQ4L285V2U;
				INFOPLIST_FILE = SampleMvvmProjectUITests/Info.plist;
				LD_RUNPATH_SEARCH_PATHS = (
					"$(inherited)",
					"@executable_path/Frameworks",
					"@loader_path/Frameworks",
				);
				PRODUCT_BUNDLE_IDENTIFIER = com.AlaaArafa.SampleMvvmProjectUITests;
				PRODUCT_NAME = "$(TARGET_NAME)";
				SWIFT_VERSION = 5.0;
				TARGETED_DEVICE_FAMILY = "1,2";
				TEST_TARGET_NAME = SampleMvvmProject;
			};
			name = Debug;
		};
		235279AC253E11A700E4EA71 /* Release */ = {
			isa = XCBuildConfiguration;
			buildSettings = {
				ALWAYS_EMBED_SWIFT_STANDARD_LIBRARIES = YES;
				CODE_SIGN_STYLE = Automatic;
				DEVELOPMENT_TEAM = UQ4L285V2U;
				INFOPLIST_FILE = SampleMvvmProjectUITests/Info.plist;
				LD_RUNPATH_SEARCH_PATHS = (
					"$(inherited)",
					"@executable_path/Frameworks",
					"@loader_path/Frameworks",
				);
				PRODUCT_BUNDLE_IDENTIFIER = com.AlaaArafa.SampleMvvmProjectUITests;
				PRODUCT_NAME = "$(TARGET_NAME)";
				SWIFT_VERSION = 5.0;
				TARGETED_DEVICE_FAMILY = "1,2";
				TEST_TARGET_NAME = SampleMvvmProject;
			};
			name = Release;
		};
/* End XCBuildConfiguration section */

/* Begin XCConfigurationList section */
		23527975253E119E00E4EA71 /* Build configuration list for PBXProject "SampleMvvmProject" */ = {
			isa = XCConfigurationList;
			buildConfigurations = (
				235279A2253E11A700E4EA71 /* Debug */,
				235279A3253E11A700E4EA71 /* Release */,
			);
			defaultConfigurationIsVisible = 0;
			defaultConfigurationName = Release;
		};
		235279A4253E11A700E4EA71 /* Build configuration list for PBXNativeTarget "SampleMvvmProject" */ = {
			isa = XCConfigurationList;
			buildConfigurations = (
				235279A5253E11A700E4EA71 /* Debug */,
				235279A6253E11A700E4EA71 /* Release */,
			);
			defaultConfigurationIsVisible = 0;
			defaultConfigurationName = Release;
		};
		235279A7253E11A700E4EA71 /* Build configuration list for PBXNativeTarget "SampleMvvmProjectTests" */ = {
			isa = XCConfigurationList;
			buildConfigurations = (
				235279A8253E11A700E4EA71 /* Debug */,
				235279A9253E11A700E4EA71 /* Release */,
			);
			defaultConfigurationIsVisible = 0;
			defaultConfigurationName = Release;
		};
		235279AA253E11A700E4EA71 /* Build configuration list for PBXNativeTarget "SampleMvvmProjectUITests" */ = {
			isa = XCConfigurationList;
			buildConfigurations = (
				235279AB253E11A700E4EA71 /* Debug */,
				235279AC253E11A700E4EA71 /* Release */,
			);
			defaultConfigurationIsVisible = 0;
			defaultConfigurationName = Release;
		};
/* End XCConfigurationList section */
	};
	rootObject = 23527972253E119E00E4EA71 /* Project object */;
}
